
Microsoft Visual Studio Solution File, Format Version 12.00
# Visual Studio 15
VisualStudioVersion = 15.0.28307.168
MinimumVisualStudioVersion = 10.0.40219.1
Project("{FAE04EC0-301F-11D3-BF4B-00C04F79EFBC}") = "DeliverySite", "DeliverySite\DeliverySite.csproj", "{0D275929-5147-46CF-BFC5-44B2C02730D2}"
EndProject
Global
	GlobalSection(SolutionConfigurationPlatforms) = preSolution
		Debug|Any CPU = Debug|Any CPU
		Release|Any CPU = Release|Any CPU
	EndGlobalSection
	GlobalSection(ProjectConfigurationPlatforms) = postSolution
		{0D275929-5147-46CF-BFC5-44B2C02730D2}.Debug|Any CPU.ActiveCfg = Debug|Any CPU
		{0D275929-5147-46CF-BFC5-44B2C02730D2}.Debug|Any CPU.Build.0 = Debug|Any CPU
		{0D275929-5147-46CF-BFC5-44B2C02730D2}.Release|Any CPU.ActiveCfg = Release|Any CPU
		{0D275929-5147-46CF-BFC5-44B2C02730D2}.Release|Any CPU.Build.0 = Release|Any CPU
	EndGlobalSection
	GlobalSection(SolutionProperties) = preSolution
		HideSolutionNode = FALSE
	EndGlobalSection
	GlobalSection(ExtensibilityGlobals) = postSolution
		SolutionGuid = {748BA50A-4C9D-4FA8-BDDC-2BAFE8A68413}
	EndGlobalSection
EndGlobal
